--- 
dependencies: 
  pg: 
    group: 
    - :production
    version: ">= 0"
  rails: 
    group: 
    - :default
    version: = 2.3.5
  haml: 
    group: 
    - :default
    version: ">= 0"
  sqlite3-ruby: 
    group: 
    - :development
    version: ">= 0"
  thin: 
    group: 
    - :default
    version: ">= 0"
specs: 
- rake: 
    version: 0.8.7
- activesupport: 
    version: 2.3.5
- rack: 
    version: 1.0.1
- actionpack: 
    version: 2.3.5
- actionmailer: 
    version: 2.3.5
- activerecord: 
    version: 2.3.5
- activeresource: 
    version: 2.3.5
- daemons: 
    version: 1.0.10
- eventmachine: 
    version: 0.12.10
- haml: 
    version: 2.2.23
- pg: 
    version: 0.9.0
- rails: 
    version: 2.3.5
- sqlite3-ruby: 
    version: 1.2.5
- thin: 
    version: 1.2.7
hash: 45d9ff4ee105ddc94e0d2017407a87dbe61aa274
sources: 
- Rubygems: 
    uri: http://rubygems.org
